{
  "manifest": {
    "version": "0.1.0",
    "sha256": "4404df14df931af266126da0bdc03da2f39d2359c8ca3cefbe1b6400dd077906"
  },
  "engines": {
    "@platform/manifest-loader": "0.0.0"
  },
  "assets": {
    "branding/theme.json": "sha256:d017d2332f9a9aa61712a1cea84d809918fa74ba2632ba2b07f63d9f7fc89609",
    "navigation.json": "sha256:373639c10bd5b21c45adc7c670166383c4e27abd32236e042c208dd2c95eaf18",
    "prompts/coaching/v1.md": "sha256:01bc59495c40c96487c9e7ea6784ebcae31b390be4f18d9415f33549e31e704f"
  }
}
