{
  "manifest": {
    "version": "0.1.0",
    "sha256": "9cb629a69a3ebc6bb898a913e471955b48b1bb74e6e9bb9592850dcb0b4d643b"
  },
  "engines": {
    "@platform/manifest-loader": "0.0.0"
  },
  "assets": {
    "branding/theme.json": "sha256:0e5c3d4333af5d0025e6036b0ba5a1b0ddf32e63ef627fb06f8012be2f63ca7b",
    "navigation.json": "sha256:9cedc9c15c0318bff2d8c3af62155b37e269900b7002584ee310399fd0d7869f",
    "prompts/coaching/v1.md": "sha256:df9000e070a216c070b73142d8184352743e5f6e5320698b6c633c1e926a5529"
  }
}
